{
  "name": "netlify-plugin-hugo-cache-resources-test",
  "version": "1.0.0",
  "lockfileVersion": 1,
  "requires": true,
  "dependencies": {
    "netlify-plugin-hugo-cache-resources": {
      "version": "0.1.1",
      "resolved": "https://registry.npmjs.org/netlify-plugin-hugo-cache-resources/-/netlify-plugin-hugo-cache-resources-0.1.1.tgz",
      "integrity": "sha512-u1QNyr9X2XAk53C5Z7ai9RBJ0LG6S63GidqbeTnRsd1VU1FY+Qxv8Gbd5JxmL+fXXe6K+EMiYFb7JPSuhXeisw=="
    }
  }
}
